
Microsoft Visual Studio Solution File, Format Version 12.00
# Visual Studio 15
VisualStudioVersion = 15.0.26730.8
MinimumVisualStudioVersion = 10.0.40219.1
Project("{FAE04EC0-301F-11D3-BF4B-00C04F79EFBC}") = "NiLang", "NiLang\NiLang.csproj", "{95FE6E8D-D056-4298-97F2-7C0D02D5DE2E}"
EndProject
Global
	GlobalSection(SolutionConfigurationPlatforms) = preSolution
		Debug|Any CPU = Debug|Any CPU
		Release|Any CPU = Release|Any CPU
	EndGlobalSection
	GlobalSection(ProjectConfigurationPlatforms) = postSolution
		{95FE6E8D-D056-4298-97F2-7C0D02D5DE2E}.Debug|Any CPU.ActiveCfg = Debug|Any CPU
		{95FE6E8D-D056-4298-97F2-7C0D02D5DE2E}.Debug|Any CPU.Build.0 = Debug|Any CPU
		{95FE6E8D-D056-4298-97F2-7C0D02D5DE2E}.Release|Any CPU.ActiveCfg = Release|Any CPU
		{95FE6E8D-D056-4298-97F2-7C0D02D5DE2E}.Release|Any CPU.Build.0 = Release|Any CPU
	EndGlobalSection
	GlobalSection(SolutionProperties) = preSolution
		HideSolutionNode = FALSE
	EndGlobalSection
	GlobalSection(ExtensibilityGlobals) = postSolution
		SolutionGuid = {A52CDE1C-84F8-4C37-8248-3B5B5A513443}
	EndGlobalSection
EndGlobal
